
Microsoft Visual Studio Solution File, Format Version 12.00
# Visual Studio Version 17
VisualStudioVersion = 17.5.33530.505
MinimumVisualStudioVersion = 10.0.40219.1
Project("{FAE04EC0-301F-11D3-BF4B-00C04F79EFBC}") = "DB_Connection", "DB_Connection.csproj", "{3E4A5BBE-C37A-4871-9E1D-1C95F2E2D338}"
EndProject
Global
	GlobalSection(SolutionConfigurationPlatforms) = preSolution
		Debug|Any CPU = Debug|Any CPU
		Release|Any CPU = Release|Any CPU
	EndGlobalSection
	GlobalSection(ProjectConfigurationPlatforms) = postSolution
		{3E4A5BBE-C37A-4871-9E1D-1C95F2E2D338}.Debug|Any CPU.ActiveCfg = Debug|Any CPU
		{3E4A5BBE-C37A-4871-9E1D-1C95F2E2D338}.Debug|Any CPU.Build.0 = Debug|Any CPU
		{3E4A5BBE-C37A-4871-9E1D-1C95F2E2D338}.Release|Any CPU.ActiveCfg = Release|Any CPU
		{3E4A5BBE-C37A-4871-9E1D-1C95F2E2D338}.Release|Any CPU.Build.0 = Release|Any CPU
	EndGlobalSection
	GlobalSection(SolutionProperties) = preSolution
		HideSolutionNode = FALSE
	EndGlobalSection
	GlobalSection(ExtensibilityGlobals) = postSolution
		SolutionGuid = {98B2BEC8-3783-40D8-8336-AFFA945128C7}
	EndGlobalSection
EndGlobal
